
Microsoft Visual Studio Solution File, Format Version 12.00
# Visual Studio Version 16
VisualStudioVersion = 16.0.31321.278
MinimumVisualStudioVersion = 10.0.40219.1
Project("{FAE04EC0-301F-11D3-BF4B-00C04F79EFBC}") = "AppQuantidade.UWP", "AppQuantidade\AppQuantidade.UWP\AppQuantidade.UWP.csproj", "{883AE01F-0922-4E26-A755-FDA2EE77E6A1}"
EndProject
Project("{FAE04EC0-301F-11D3-BF4B-00C04F79EFBC}") = "AppQuantidade.Android", "AppQuantidade\AppQuantidade.Android\AppQuantidade.Android.csproj", "{74717187-EF0F-4CE9-8095-C1C12A4E4C27}"
EndProject
Project("{FAE04EC0-301F-11D3-BF4B-00C04F79EFBC}") = "AppQuantidade.iOS", "AppQuantidade\AppQuantidade.iOS\AppQuantidade.iOS.csproj", "{13E4D63A-AEAB-463C-A7CD-DF71BC214F6A}"
EndProject
Project("{FAE04EC0-301F-11D3-BF4B-00C04F79EFBC}") = "AppQuantidade", "AppQuantidade\AppQuantidade\AppQuantidade.csproj", "{99D117E6-FFF5-4CE8-9184-DEDA9DE065F3}"
EndProject
Global
	GlobalSection(SolutionConfigurationPlatforms) = preSolution
		Debug|Any CPU = Debug|Any CPU
		Debug|ARM = Debug|ARM
		Debug|iPhone = Debug|iPhone
		Debug|iPhoneSimulator = Debug|iPhoneSimulator
		Debug|x64 = Debug|x64
		Debug|x86 = Debug|x86
		Release|Any CPU = Release|Any CPU
		Release|ARM = Release|ARM
		Release|iPhone = Release|iPhone
		Release|iPhoneSimulator = Release|iPhoneSimulator
		Release|x64 = Release|x64
		Release|x86 = Release|x86
	EndGlobalSection
	GlobalSection(ProjectConfigurationPlatforms) = postSolution
		{883AE01F-0922-4E26-A755-FDA2EE77E6A1}.Debug|Any CPU.ActiveCfg = Debug|x86
		{883AE01F-0922-4E26-A755-FDA2EE77E6A1}.Debug|Any CPU.Build.0 = Debug|x86
		{883AE01F-0922-4E26-A755-FDA2EE77E6A1}.Debug|Any CPU.Deploy.0 = Debug|x86
		{883AE01F-0922-4E26-A755-FDA2EE77E6A1}.Debug|ARM.ActiveCfg = Debug|ARM
		{883AE01F-0922-4E26-A755-FDA2EE77E6A1}.Debug|ARM.Build.0 = Debug|ARM
		{883AE01F-0922-4E26-A755-FDA2EE77E6A1}.Debug|ARM.Deploy.0 = Debug|ARM
		{883AE01F-0922-4E26-A755-FDA2EE77E6A1}.Debug|iPhone.ActiveCfg = Debug|x86
		{883AE01F-0922-4E26-A755-FDA2EE77E6A1}.Debug|iPhone.Build.0 = Debug|x86
		{883AE01F-0922-4E26-A755-FDA2EE77E6A1}.Debug|iPhone.Deploy.0 = Debug|x86
		{883AE01F-0922-4E26-A755-FDA2EE77E6A1}.Debug|iPhoneSimulator.ActiveCfg = Debug|x86
		{883AE01F-0922-4E26-A755-FDA2EE77E6A1}.Debug|iPhoneSimulator.Build.0 = Debug|x86
		{883AE01F-0922-4E26-A755-FDA2EE77E6A1}.Debug|iPhoneSimulator.Deploy.0 = Debug|x86
		{883AE01F-0922-4E26-A755-FDA2EE77E6A1}.Debug|x64.ActiveCfg = Debug|x64
		{883AE01F-0922-4E26-A755-FDA2EE77E6A1}.Debug|x64.Build.0 = Debug|x64
		{883AE01F-0922-4E26-A755-FDA2EE77E6A1}.Debug|x64.Deploy.0 = Debug|x64
		{883AE01F-0922-4E26-A755-FDA2EE77E6A1}.Debug|x86.ActiveCfg = Debug|x86
		{883AE01F-0922-4E26-A755-FDA2EE77E6A1}.Debug|x86.Build.0 = Debug|x86
		{883AE01F-0922-4E26-A755-FDA2EE77E6A1}.Debug|x86.Deploy.0 = Debug|x86
		{883AE01F-0922-4E26-A755-FDA2EE77E6A1}.Release|Any CPU.ActiveCfg = Release|x86
		{883AE01F-0922-4E26-A755-FDA2EE77E6A1}.Release|Any CPU.Build.0 = Release|x86
		{883AE01F-0922-4E26-A755-FDA2EE77E6A1}.Release|Any CPU.Deploy.0 = Release|x86
		{883AE01F-0922-4E26-A755-FDA2EE77E6A1}.Release|ARM.ActiveCfg = Release|ARM
		{883AE01F-0922-4E26-A755-FDA2EE77E6A1}.Release|ARM.Build.0 = Release|ARM
		{883AE01F-0922-4E26-A755-FDA2EE77E6A1}.Release|ARM.Deploy.0 = Release|ARM
		{883AE01F-0922-4E26-A755-FDA2EE77E6A1}.Release|iPhone.ActiveCfg = Release|x86
		{883AE01F-0922-4E26-A755-FDA2EE77E6A1}.Release|iPhone.Build.0 = Release|x86
		{883AE01F-0922-4E26-A755-FDA2EE77E6A1}.Release|iPhone.Deploy.0 = Release|x86
		{883AE01F-0922-4E26-A755-FDA2EE77E6A1}.Release|iPhoneSimulator.ActiveCfg = Release|x86
		{883AE01F-0922-4E26-A755-FDA2EE77E6A1}.Release|iPhoneSimulator.Build.0 = Release|x86
		{883AE01F-0922-4E26-A755-FDA2EE77E6A1}.Release|iPhoneSimulator.Deploy.0 = Release|x86
		{883AE01F-0922-4E26-A755-FDA2EE77E6A1}.Release|x64.ActiveCfg = Release|x64
		{883AE01F-0922-4E26-A755-FDA2EE77E6A1}.Release|x64.Build.0 = Release|x64
		{883AE01F-0922-4E26-A755-FDA2EE77E6A1}.Release|x64.Deploy.0 = Release|x64
		{883AE01F-0922-4E26-A755-FDA2EE77E6A1}.Release|x86.ActiveCfg = Release|x86
		{883AE01F-0922-4E26-A755-FDA2EE77E6A1}.Release|x86.Build.0 = Release|x86
		{883AE01F-0922-4E26-A755-FDA2EE77E6A1}.Release|x86.Deploy.0 = Release|x86
		{74717187-EF0F-4CE9-8095-C1C12A4E4C27}.Debug|Any CPU.ActiveCfg = Debug|Any CPU
		{74717187-EF0F-4CE9-8095-C1C12A4E4C27}.Debug|Any CPU.Build.0 = Debug|Any CPU
		{74717187-EF0F-4CE9-8095-C1C12A4E4C27}.Debug|Any CPU.Deploy.0 = Debug|Any CPU
		{74717187-EF0F-4CE9-8095-C1C12A4E4C27}.Debug|ARM.ActiveCfg = Debug|Any CPU
		{74717187-EF0F-4CE9-8095-C1C12A4E4C27}.Debug|ARM.Build.0 = Debug|Any CPU
		{74717187-EF0F-4CE9-8095-C1C12A4E4C27}.Debug|ARM.Deploy.0 = Debug|Any CPU
		{74717187-EF0F-4CE9-8095-C1C12A4E4C27}.Debug|iPhone.ActiveCfg = Debug|Any CPU
		{74717187-EF0F-4CE9-8095-C1C12A4E4C27}.Debug|iPhone.Build.0 = Debug|Any CPU
		{74717187-EF0F-4CE9-8095-C1C12A4E4C27}.Debug|iPhone.Deploy.0 = Debug|Any CPU
		{74717187-EF0F-4CE9-8095-C1C12A4E4C27}.Debug|iPhoneSimulator.ActiveCfg = Debug|Any CPU
		{74717187-EF0F-4CE9-8095-C1C12A4E4C27}.Debug|iPhoneSimulator.Build.0 = Debug|Any CPU
		{74717187-EF0F-4CE9-8095-C1C12A4E4C27}.Debug|iPhoneSimulator.Deploy.0 = Debug|Any CPU
		{74717187-EF0F-4CE9-8095-C1C12A4E4C27}.Debug|x64.ActiveCfg = Debug|Any CPU
		{74717187-EF0F-4CE9-8095-C1C12A4E4C27}.Debug|x64.Build.0 = Debug|Any CPU
		{74717187-EF0F-4CE9-8095-C1C12A4E4C27}.Debug|x64.Deploy.0 = Debug|Any CPU
		{74717187-EF0F-4CE9-8095-C1C12A4E4C27}.Debug|x86.ActiveCfg = Debug|Any CPU
		{74717187-EF0F-4CE9-8095-C1C12A4E4C27}.Debug|x86.Build.0 = Debug|Any CPU
		{74717187-EF0F-4CE9-8095-C1C12A4E4C27}.Debug|x86.Deploy.0 = Debug|Any CPU
		{74717187-EF0F-4CE9-8095-C1C12A4E4C27}.Release|Any CPU.ActiveCfg = Release|Any CPU
		{74717187-EF0F-4CE9-8095-C1C12A4E4C27}.Release|Any CPU.Build.0 = Release|Any CPU
		{74717187-EF0F-4CE9-8095-C1C12A4E4C27}.Release|Any CPU.Deploy.0 = Release|Any CPU
		{74717187-EF0F-4CE9-8095-C1C12A4E4C27}.Release|ARM.ActiveCfg = Release|Any CPU
		{74717187-EF0F-4CE9-8095-C1C12A4E4C27}.Release|ARM.Build.0 = Release|Any CPU
		{74717187-EF0F-4CE9-8095-C1C12A4E4C27}.Release|ARM.Deploy.0 = Release|Any CPU
		{74717187-EF0F-4CE9-8095-C1C12A4E4C27}.Release|iPhone.ActiveCfg = Release|Any CPU
		{74717187-EF0F-4CE9-8095-C1C12A4E4C27}.Release|iPhone.Build.0 = Release|Any CPU
		{74717187-EF0F-4CE9-8095-C1C12A4E4C27}.Release|iPhone.Deploy.0 = Release|Any CPU
		{74717187-EF0F-4CE9-8095-C1C12A4E4C27}.Release|iPhoneSimulator.ActiveCfg = Release|Any CPU
		{74717187-EF0F-4CE9-8095-C1C12A4E4C27}.Release|iPhoneSimulator.Build.0 = Release|Any CPU
		{74717187-EF0F-4CE9-8095-C1C12A4E4C27}.Release|iPhoneSimulator.Deploy.0 = Release|Any CPU
		{74717187-EF0F-4CE9-8095-C1C12A4E4C27}.Release|x64.ActiveCfg = Release|Any CPU
		{74717187-EF0F-4CE9-8095-C1C12A4E4C27}.Release|x64.Build.0 = Release|Any CPU
		{74717187-EF0F-4CE9-8095-C1C12A4E4C27}.Release|x64.Deploy.0 = Release|Any CPU
		{74717187-EF0F-4CE9-8095-C1C12A4E4C27}.Release|x86.ActiveCfg = Release|Any CPU
		{74717187-EF0F-4CE9-8095-C1C12A4E4C27}.Release|x86.Build.0 = Release|Any CPU
		{74717187-EF0F-4CE9-8095-C1C12A4E4C27}.Release|x86.Deploy.0 = Release|Any CPU
		{13E4D63A-AEAB-463C-A7CD-DF71BC214F6A}.Debug|Any CPU.ActiveCfg = Debug|iPhoneSimulator
		{13E4D63A-AEAB-463C-A7CD-DF71BC214F6A}.Debug|Any CPU.Build.0 = Debug|iPhoneSimulator
		{13E4D63A-AEAB-463C-A7CD-DF71BC214F6A}.Debug|Any CPU.Deploy.0 = Debug|iPhoneSimulator
		{13E4D63A-AEAB-463C-A7CD-DF71BC214F6A}.Debug|ARM.ActiveCfg = Debug|iPhone
		{13E4D63A-AEAB-463C-A7CD-DF71BC214F6A}.Debug|ARM.Build.0 = Debug|iPhone
		{13E4D63A-AEAB-463C-A7CD-DF71BC214F6A}.Debug|ARM.Deploy.0 = Debug|iPhone
		{13E4D63A-AEAB-463C-A7CD-DF71BC214F6A}.Debug|iPhone.ActiveCfg = Debug|iPhone
		{13E4D63A-AEAB-463C-A7CD-DF71BC214F6A}.Debug|iPhone.Build.0 = Debug|iPhone
		{13E4D63A-AEAB-463C-A7CD-DF71BC214F6A}.Debug|iPhone.Deploy.0 = Debug|iPhone
		{13E4D63A-AEAB-463C-A7CD-DF71BC214F6A}.Debug|iPhoneSimulator.ActiveCfg = Debug|iPhoneSimulator
		{13E4D63A-AEAB-463C-A7CD-DF71BC214F6A}.Debug|iPhoneSimulator.Build.0 = Debug|iPhoneSimulator
		{13E4D63A-AEAB-463C-A7CD-DF71BC214F6A}.Debug|iPhoneSimulator.Deploy.0 = Debug|iPhoneSimulator
		{13E4D63A-AEAB-463C-A7CD-DF71BC214F6A}.Debug|x64.ActiveCfg = Debug|iPhoneSimulator
		{13E4D63A-AEAB-463C-A7CD-DF71BC214F6A}.Debug|x64.Build.0 = Debug|iPhoneSimulator
		{13E4D63A-AEAB-463C-A7CD-DF71BC214F6A}.Debug|x64.Deploy.0 = Debug|iPhoneSimulator
		{13E4D63A-AEAB-463C-A7CD-DF71BC214F6A}.Debug|x86.ActiveCfg = Debug|iPhoneSimulator
		{13E4D63A-AEAB-463C-A7CD-DF71BC214F6A}.Debug|x86.Build.0 = Debug|iPhoneSimulator
		{13E4D63A-AEAB-463C-A7CD-DF71BC214F6A}.Debug|x86.Deploy.0 = Debug|iPhoneSimulator
		{13E4D63A-AEAB-463C-A7CD-DF71BC214F6A}.Release|Any CPU.ActiveCfg = Release|iPhoneSimulator
		{13E4D63A-AEAB-463C-A7CD-DF71BC214F6A}.Release|Any CPU.Build.0 = Release|iPhoneSimulator
		{13E4D63A-AEAB-463C-A7CD-DF71BC214F6A}.Release|Any CPU.Deploy.0 = Release|iPhoneSimulator
		{13E4D63A-AEAB-463C-A7CD-DF71BC214F6A}.Release|ARM.ActiveCfg = Release|iPhoneSimulator
		{13E4D63A-AEAB-463C-A7CD-DF71BC214F6A}.Release|ARM.Build.0 = Release|iPhoneSimulator
		{13E4D63A-AEAB-463C-A7CD-DF71BC214F6A}.Release|ARM.Deploy.0 = Release|iPhoneSimulator
		{13E4D63A-AEAB-463C-A7CD-DF71BC214F6A}.Release|iPhone.ActiveCfg = Release|iPhone
		{13E4D63A-AEAB-463C-A7CD-DF71BC214F6A}.Release|iPhone.Build.0 = Release|iPhone
		{13E4D63A-AEAB-463C-A7CD-DF71BC214F6A}.Release|iPhone.Deploy.0 = Release|iPhone
		{13E4D63A-AEAB-463C-A7CD-DF71BC214F6A}.Release|iPhoneSimulator.ActiveCfg = Release|iPhoneSimulator
		{13E4D63A-AEAB-463C-A7CD-DF71BC214F6A}.Release|iPhoneSimulator.Build.0 = Release|iPhoneSimulator
		{13E4D63A-AEAB-463C-A7CD-DF71BC214F6A}.Release|iPhoneSimulator.Deploy.0 = Release|iPhoneSimulator
		{13E4D63A-AEAB-463C-A7CD-DF71BC214F6A}.Release|x64.ActiveCfg = Release|iPhoneSimulator
		{13E4D63A-AEAB-463C-A7CD-DF71BC214F6A}.Release|x64.Build.0 = Release|iPhoneSimulator
		{13E4D63A-AEAB-463C-A7CD-DF71BC214F6A}.Release|x64.Deploy.0 = Release|iPhoneSimulator
		{13E4D63A-AEAB-463C-A7CD-DF71BC214F6A}.Release|x86.ActiveCfg = Release|iPhoneSimulator
		{13E4D63A-AEAB-463C-A7CD-DF71BC214F6A}.Release|x86.Build.0 = Release|iPhoneSimulator
		{13E4D63A-AEAB-463C-A7CD-DF71BC214F6A}.Release|x86.Deploy.0 = Release|iPhoneSimulator
		{99D117E6-FFF5-4CE8-9184-DEDA9DE065F3}.Debug|Any CPU.ActiveCfg = Debug|Any CPU
		{99D117E6-FFF5-4CE8-9184-DEDA9DE065F3}.Debug|Any CPU.Build.0 = Debug|Any CPU
		{99D117E6-FFF5-4CE8-9184-DEDA9DE065F3}.Debug|Any CPU.Deploy.0 = Debug|Any CPU
		{99D117E6-FFF5-4CE8-9184-DEDA9DE065F3}.Debug|ARM.ActiveCfg = Debug|Any CPU
		{99D117E6-FFF5-4CE8-9184-DEDA9DE065F3}.Debug|ARM.Build.0 = Debug|Any CPU
		{99D117E6-FFF5-4CE8-9184-DEDA9DE065F3}.Debug|ARM.Deploy.0 = Debug|Any CPU
		{99D117E6-FFF5-4CE8-9184-DEDA9DE065F3}.Debug|iPhone.ActiveCfg = Debug|Any CPU
		{99D117E6-FFF5-4CE8-9184-DEDA9DE065F3}.Debug|iPhone.Build.0 = Debug|Any CPU
		{99D117E6-FFF5-4CE8-9184-DEDA9DE065F3}.Debug|iPhone.Deploy.0 = Debug|Any CPU
		{99D117E6-FFF5-4CE8-9184-DEDA9DE065F3}.Debug|iPhoneSimulator.ActiveCfg = Debug|Any CPU
		{99D117E6-FFF5-4CE8-9184-DEDA9DE065F3}.Debug|iPhoneSimulator.Build.0 = Debug|Any CPU
		{99D117E6-FFF5-4CE8-9184-DEDA9DE065F3}.Debug|iPhoneSimulator.Deploy.0 = Debug|Any CPU
		{99D117E6-FFF5-4CE8-9184-DEDA9DE065F3}.Debug|x64.ActiveCfg = Debug|Any CPU
		{99D117E6-FFF5-4CE8-9184-DEDA9DE065F3}.Debug|x64.Build.0 = Debug|Any CPU
		{99D117E6-FFF5-4CE8-9184-DEDA9DE065F3}.Debug|x64.Deploy.0 = Debug|Any CPU
		{99D117E6-FFF5-4CE8-9184-DEDA9DE065F3}.Debug|x86.ActiveCfg = Debug|Any CPU
		{99D117E6-FFF5-4CE8-9184-DEDA9DE065F3}.Debug|x86.Build.0 = Debug|Any CPU
		{99D117E6-FFF5-4CE8-9184-DEDA9DE065F3}.Debug|x86.Deploy.0 = Debug|Any CPU
		{99D117E6-FFF5-4CE8-9184-DEDA9DE065F3}.Release|Any CPU.ActiveCfg = Release|Any CPU
		{99D117E6-FFF5-4CE8-9184-DEDA9DE065F3}.Release|Any CPU.Build.0 = Release|Any CPU
		{99D117E6-FFF5-4CE8-9184-DEDA9DE065F3}.Release|Any CPU.Deploy.0 = Release|Any CPU
		{99D117E6-FFF5-4CE8-9184-DEDA9DE065F3}.Release|ARM.ActiveCfg = Release|Any CPU
		{99D117E6-FFF5-4CE8-9184-DEDA9DE065F3}.Release|ARM.Build.0 = Release|Any CPU
		{99D117E6-FFF5-4CE8-9184-DEDA9DE065F3}.Release|ARM.Deploy.0 = Release|Any CPU
		{99D117E6-FFF5-4CE8-9184-DEDA9DE065F3}.Release|iPhone.ActiveCfg = Release|Any CPU
		{99D117E6-FFF5-4CE8-9184-DEDA9DE065F3}.Release|iPhone.Build.0 = Release|Any CPU
		{99D117E6-FFF5-4CE8-9184-DEDA9DE065F3}.Release|iPhone.Deploy.0 = Release|Any CPU
		{99D117E6-FFF5-4CE8-9184-DEDA9DE065F3}.Release|iPhoneSimulator.ActiveCfg = Release|Any CPU
		{99D117E6-FFF5-4CE8-9184-DEDA9DE065F3}.Release|iPhoneSimulator.Build.0 = Release|Any CPU
		{99D117E6-FFF5-4CE8-9184-DEDA9DE065F3}.Release|iPhoneSimulator.Deploy.0 = Release|Any CPU
		{99D117E6-FFF5-4CE8-9184-DEDA9DE065F3}.Release|x64.ActiveCfg = Release|Any CPU
		{99D117E6-FFF5-4CE8-9184-DEDA9DE065F3}.Release|x64.Build.0 = Release|Any CPU
		{99D117E6-FFF5-4CE8-9184-DEDA9DE065F3}.Release|x64.Deploy.0 = Release|Any CPU
		{99D117E6-FFF5-4CE8-9184-DEDA9DE065F3}.Release|x86.ActiveCfg = Release|Any CPU
		{99D117E6-FFF5-4CE8-9184-DEDA9DE065F3}.Release|x86.Build.0 = Release|Any CPU
		{99D117E6-FFF5-4CE8-9184-DEDA9DE065F3}.Release|x86.Deploy.0 = Release|Any CPU
	EndGlobalSection
	GlobalSection(SolutionProperties) = preSolution
		HideSolutionNode = FALSE
	EndGlobalSection
	GlobalSection(ExtensibilityGlobals) = postSolution
		SolutionGuid = {208B7986-BC97-47C0-BD5B-751A66858649}
	EndGlobalSection
EndGlobal
